
Microsoft Visual Studio Solution File, Format Version 12.00
# Visual Studio Version 17
VisualStudioVersion = 17.7.34221.43
MinimumVisualStudioVersion = 10.0.40219.1
Project("{FAE04EC0-301F-11D3-BF4B-00C04F79EFBC}") = "CasinoApp", "CasinoApp.csproj", "{166BE5FD-035F-4D99-A978-2782BD60DD25}"
EndProject
Project("{FAE04EC0-301F-11D3-BF4B-00C04F79EFBC}") = "CasinoAppTest", "..\CasinoAppTest\CasinoAppTest.csproj", "{570578E4-9EBA-44EB-AFA8-48BC146CB9AD}"
EndProject
Global
	GlobalSection(SolutionConfigurationPlatforms) = preSolution
		Debug|Any CPU = Debug|Any CPU
		Release|Any CPU = Release|Any CPU
	EndGlobalSection
	GlobalSection(ProjectConfigurationPlatforms) = postSolution
		{166BE5FD-035F-4D99-A978-2782BD60DD25}.Debug|Any CPU.ActiveCfg = Debug|Any CPU
		{166BE5FD-035F-4D99-A978-2782BD60DD25}.Debug|Any CPU.Build.0 = Debug|Any CPU
		{166BE5FD-035F-4D99-A978-2782BD60DD25}.Release|Any CPU.ActiveCfg = Release|Any CPU
		{166BE5FD-035F-4D99-A978-2782BD60DD25}.Release|Any CPU.Build.0 = Release|Any CPU
		{570578E4-9EBA-44EB-AFA8-48BC146CB9AD}.Debug|Any CPU.ActiveCfg = Debug|Any CPU
		{570578E4-9EBA-44EB-AFA8-48BC146CB9AD}.Debug|Any CPU.Build.0 = Debug|Any CPU
		{570578E4-9EBA-44EB-AFA8-48BC146CB9AD}.Release|Any CPU.ActiveCfg = Release|Any CPU
		{570578E4-9EBA-44EB-AFA8-48BC146CB9AD}.Release|Any CPU.Build.0 = Release|Any CPU
	EndGlobalSection
	GlobalSection(SolutionProperties) = preSolution
		HideSolutionNode = FALSE
	EndGlobalSection
	GlobalSection(ExtensibilityGlobals) = postSolution
		SolutionGuid = {FC01AF0F-9CE6-44C7-A423-300F30A85DAB}
	EndGlobalSection
EndGlobal
